
Microsoft Visual Studio Solution File, Format Version 12.00
# Visual Studio Version 17
VisualStudioVersion = 17.6.33815.320
MinimumVisualStudioVersion = 10.0.40219.1
Project("{FAE04EC0-301F-11D3-BF4B-00C04F79EFBC}") = "Biblioteca", "Biblioteca\Biblioteca.csproj", "{6688E4D1-7987-41A4-BAD4-A80E470FB99B}"
EndProject
Global
	GlobalSection(SolutionConfigurationPlatforms) = preSolution
		Debug|Any CPU = Debug|Any CPU
		Release|Any CPU = Release|Any CPU
	EndGlobalSection
	GlobalSection(ProjectConfigurationPlatforms) = postSolution
		{6688E4D1-7987-41A4-BAD4-A80E470FB99B}.Debug|Any CPU.ActiveCfg = Debug|Any CPU
		{6688E4D1-7987-41A4-BAD4-A80E470FB99B}.Debug|Any CPU.Build.0 = Debug|Any CPU
		{6688E4D1-7987-41A4-BAD4-A80E470FB99B}.Release|Any CPU.ActiveCfg = Release|Any CPU
		{6688E4D1-7987-41A4-BAD4-A80E470FB99B}.Release|Any CPU.Build.0 = Release|Any CPU
	EndGlobalSection
	GlobalSection(SolutionProperties) = preSolution
		HideSolutionNode = FALSE
	EndGlobalSection
	GlobalSection(ExtensibilityGlobals) = postSolution
		SolutionGuid = {CA89212C-0DD8-43FC-BE73-65A59F507FFF}
	EndGlobalSection
EndGlobal
